
Microsoft Visual Studio Solution File, Format Version 12.00
# Visual Studio Version 16
VisualStudioVersion = 16.0.31105.61
MinimumVisualStudioVersion = 10.0.40219.1
Project("{FAE04EC0-301F-11D3-BF4B-00C04F79EFBC}") = "Obligatorio1_DA1", "Obligatorio1_DA1\Obligatorio1_DA1.csproj", "{2DBE2991-F523-4A88-88FD-E17F27462492}"
EndProject
Project("{FAE04EC0-301F-11D3-BF4B-00C04F79EFBC}") = "UnitTestObligatorio1", "UnitTestObligatorio1\UnitTestObligatorio1.csproj", "{DD34AD00-E10B-4715-BCD7-D4F9CE07E1C3}"
EndProject
Project("{FAE04EC0-301F-11D3-BF4B-00C04F79EFBC}") = "Presentation", "Interfaz\Presentation.csproj", "{24A1A6F1-C6B1-44D5-88EC-9C51567A791E}"
EndProject
Project("{FAE04EC0-301F-11D3-BF4B-00C04F79EFBC}") = "Repository", "Repository\Repository.csproj", "{9920CA39-D916-4C47-8C68-4E51DDE949C6}"
EndProject
Project("{FAE04EC0-301F-11D3-BF4B-00C04F79EFBC}") = "BusinessLogic", "BusinessLogic\BusinessLogic.csproj", "{D8D242BD-14A0-479E-8F23-1BA41734E7A6}"
EndProject
Project("{FAE04EC0-301F-11D3-BF4B-00C04F79EFBC}") = "FactoryDataAccess", "FactoryDataAccess\FactoryDataAccess.csproj", "{AA38758C-1580-4966-A4BC-B5C54E2DCC38}"
EndProject
Project("{FAE04EC0-301F-11D3-BF4B-00C04F79EFBC}") = "DataAccessInterfaces", "DataAccessInterfaces\DataAccessInterfaces.csproj", "{7D1295B0-5BB8-4802-B38B-1620006826C3}"
EndProject
Project("{FAE04EC0-301F-11D3-BF4B-00C04F79EFBC}") = "BusinessInterfaces", "BusinessInterfaces\BusinessInterfaces.csproj", "{7D0EAE7A-41E8-45DF-8B74-71825AD2DE6E}"
EndProject
Global
	GlobalSection(SolutionConfigurationPlatforms) = preSolution
		Debug|Any CPU = Debug|Any CPU
		Release|Any CPU = Release|Any CPU
	EndGlobalSection
	GlobalSection(ProjectConfigurationPlatforms) = postSolution
		{2DBE2991-F523-4A88-88FD-E17F27462492}.Debug|Any CPU.ActiveCfg = Debug|Any CPU
		{2DBE2991-F523-4A88-88FD-E17F27462492}.Debug|Any CPU.Build.0 = Debug|Any CPU
		{2DBE2991-F523-4A88-88FD-E17F27462492}.Release|Any CPU.ActiveCfg = Release|Any CPU
		{2DBE2991-F523-4A88-88FD-E17F27462492}.Release|Any CPU.Build.0 = Release|Any CPU
		{DD34AD00-E10B-4715-BCD7-D4F9CE07E1C3}.Debug|Any CPU.ActiveCfg = Debug|Any CPU
		{DD34AD00-E10B-4715-BCD7-D4F9CE07E1C3}.Debug|Any CPU.Build.0 = Debug|Any CPU
		{DD34AD00-E10B-4715-BCD7-D4F9CE07E1C3}.Release|Any CPU.ActiveCfg = Release|Any CPU
		{DD34AD00-E10B-4715-BCD7-D4F9CE07E1C3}.Release|Any CPU.Build.0 = Release|Any CPU
		{24A1A6F1-C6B1-44D5-88EC-9C51567A791E}.Debug|Any CPU.ActiveCfg = Debug|Any CPU
		{24A1A6F1-C6B1-44D5-88EC-9C51567A791E}.Debug|Any CPU.Build.0 = Debug|Any CPU
		{24A1A6F1-C6B1-44D5-88EC-9C51567A791E}.Release|Any CPU.ActiveCfg = Release|Any CPU
		{24A1A6F1-C6B1-44D5-88EC-9C51567A791E}.Release|Any CPU.Build.0 = Release|Any CPU
		{9920CA39-D916-4C47-8C68-4E51DDE949C6}.Debug|Any CPU.ActiveCfg = Debug|Any CPU
		{9920CA39-D916-4C47-8C68-4E51DDE949C6}.Debug|Any CPU.Build.0 = Debug|Any CPU
		{9920CA39-D916-4C47-8C68-4E51DDE949C6}.Release|Any CPU.ActiveCfg = Release|Any CPU
		{9920CA39-D916-4C47-8C68-4E51DDE949C6}.Release|Any CPU.Build.0 = Release|Any CPU
		{D8D242BD-14A0-479E-8F23-1BA41734E7A6}.Debug|Any CPU.ActiveCfg = Debug|Any CPU
		{D8D242BD-14A0-479E-8F23-1BA41734E7A6}.Debug|Any CPU.Build.0 = Debug|Any CPU
		{D8D242BD-14A0-479E-8F23-1BA41734E7A6}.Release|Any CPU.ActiveCfg = Release|Any CPU
		{D8D242BD-14A0-479E-8F23-1BA41734E7A6}.Release|Any CPU.Build.0 = Release|Any CPU
		{AA38758C-1580-4966-A4BC-B5C54E2DCC38}.Debug|Any CPU.ActiveCfg = Debug|Any CPU
		{AA38758C-1580-4966-A4BC-B5C54E2DCC38}.Debug|Any CPU.Build.0 = Debug|Any CPU
		{AA38758C-1580-4966-A4BC-B5C54E2DCC38}.Release|Any CPU.ActiveCfg = Release|Any CPU
		{AA38758C-1580-4966-A4BC-B5C54E2DCC38}.Release|Any CPU.Build.0 = Release|Any CPU
		{7D1295B0-5BB8-4802-B38B-1620006826C3}.Debug|Any CPU.ActiveCfg = Debug|Any CPU
		{7D1295B0-5BB8-4802-B38B-1620006826C3}.Debug|Any CPU.Build.0 = Debug|Any CPU
		{7D1295B0-5BB8-4802-B38B-1620006826C3}.Release|Any CPU.ActiveCfg = Release|Any CPU
		{7D1295B0-5BB8-4802-B38B-1620006826C3}.Release|Any CPU.Build.0 = Release|Any CPU
		{7D0EAE7A-41E8-45DF-8B74-71825AD2DE6E}.Debug|Any CPU.ActiveCfg = Debug|Any CPU
		{7D0EAE7A-41E8-45DF-8B74-71825AD2DE6E}.Debug|Any CPU.Build.0 = Debug|Any CPU
		{7D0EAE7A-41E8-45DF-8B74-71825AD2DE6E}.Release|Any CPU.ActiveCfg = Release|Any CPU
		{7D0EAE7A-41E8-45DF-8B74-71825AD2DE6E}.Release|Any CPU.Build.0 = Release|Any CPU
	EndGlobalSection
	GlobalSection(SolutionProperties) = preSolution
		HideSolutionNode = FALSE
	EndGlobalSection
	GlobalSection(ExtensibilityGlobals) = postSolution
		SolutionGuid = {15685671-E661-457D-A830-42D543A1E223}
	EndGlobalSection
EndGlobal
